// !$*UTF8*$!
{
	archiveVersion = 1;
	classes = {
	};
	objectVersion = 46;
	objects = {

/* Begin PBXBuildFile section */
		DF1A8D4B1CD88C1100B5FA1D /* main.m in Sources */ = {isa = PBXBuildFile; fileRef = DF1A8D4A1CD88C1100B5FA1D /* main.m */; };
		DF1A8D531CD88C3600B5FA1D /* BinaryTreeNode.m in Sources */ = {isa = PBXBuildFile; fileRef = DF1A8D521CD88C3600B5FA1D /* BinaryTreeNode.m */; };
/* End PBXBuildFile section */

/* Begin PBXCopyFilesBuildPhase section */
		DF1A8D451CD88C1100B5FA1D /* CopyFiles */ = {
			isa = PBXCopyFilesBuildPhase;
			buildActionMask = 2147483647;
			dstPath = /usr/share/man/man1/;
			dstSubfolderSpec = 0;
			files = (
			);
			runOnlyForDeploymentPostprocessing = 1;
		};
/* End PBXCopyFilesBuildPhase section */

/* Begin PBXFileReference section */
		DF1A8D471CD88C1100B5FA1D /* BinaryTree_OC2016-04 */ = {isa = PBXFileReference; explicitFileType = "compiled.mach-o.executable"; includeInIndex = 0; path = "BinaryTree_OC2016-04"; sourceTree = BUILT_PRODUCTS_DIR; };
		DF1A8D4A1CD88C1100B5FA1D /* main.m */ = {isa = PBXFileReference; lastKnownFileType = sourcecode.c.objc; path = main.m; sourceTree = "<group>"; };
		DF1A8D511CD88C3600B5FA1D /* BinaryTreeNode.h */ = {isa = PBXFileReference; fileEncoding = 4; lastKnownFileType = sourcecode.c.h; path = BinaryTreeNode.h; sourceTree = "<group>"; };
		DF1A8D521CD88C3600B5FA1D /* BinaryTreeNode.m */ = {isa = PBXFileReference; fileEncoding = 4; lastKnownFileType = sourcecode.c.objc; path = BinaryTreeNode.m; sourceTree = "<group>"; };
/* End PBXFileReference section */

/* Begin PBXFrameworksBuildPhase section */
		DF1A8D441CD88C1100B5FA1D /* Frameworks */ = {
			isa = PBXFrameworksBuildPhase;
			buildActionMask = 2147483647;
			files = (
			);
			runOnlyForDeploymentPostprocessing = 0;
		};
/* End PBXFrameworksBuildPhase section */

/* Begin PBXGroup section */
		DF1A8D3E1CD88C1100B5FA1D = {
			isa = PBXGroup;
			children = (
				DF1A8D491CD88C1100B5FA1D /* BinaryTree_OC2016-04 */,
				DF1A8D481CD88C1100B5FA1D /* Products */,
			);
			sourceTree = "<group>";
		};
		DF1A8D481CD88C1100B5FA1D /* Products */ = {
			isa = PBXGroup;
			children = (
				DF1A8D471CD88C1100B5FA1D /* BinaryTree_OC2016-04 */,
			);
			name = Products;
			sourceTree = "<group>";
		};
		DF1A8D491CD88C1100B5FA1D /* BinaryTree_OC2016-04 */ = {
			isa = PBXGroup;
			children = (
				DF1A8D4A1CD88C1100B5FA1D /* main.m */,
				DF1A8D511CD88C3600B5FA1D /* BinaryTreeNode.h */,
				DF1A8D521CD88C3600B5FA1D /* BinaryTreeNode.m */,
			);
			path = "BinaryTree_OC2016-04";
			sourceTree = "<group>";
		};
/* End PBXGroup section */

/* Begin PBXNativeTarget section */
		DF1A8D461CD88C1100B5FA1D /* BinaryTree_OC2016-04 */ = {
			isa = PBXNativeTarget;
			buildConfigurationList = DF1A8D4E1CD88C1100B5FA1D /* Build configuration list for PBXNativeTarget "BinaryTree_OC2016-04" */;
			buildPhases = (
				DF1A8D431CD88C1100B5FA1D /* Sources */,
				DF1A8D441CD88C1100B5FA1D /* Frameworks */,
				DF1A8D451CD88C1100B5FA1D /* CopyFiles */,
			);
			buildRules = (
			);
			dependencies = (
			);
			name = "BinaryTree_OC2016-04";
			productName = "BinaryTree_OC2016-04";
			productReference = DF1A8D471CD88C1100B5FA1D /* BinaryTree_OC2016-04 */;
			productType = "com.apple.product-type.tool";
		};
/* End PBXNativeTarget section */

/* Begin PBXProject section */
		DF1A8D3F1CD88C1100B5FA1D /* Project object */ = {
			isa = PBXProject;
			attributes = {
				LastUpgradeCheck = 0730;
				ORGANIZATIONNAME = Zihai;
				TargetAttributes = {
					DF1A8D461CD88C1100B5FA1D = {
						CreatedOnToolsVersion = 7.3;
					};
				};
			};
			buildConfigurationList = DF1A8D421CD88C1100B5FA1D /* Build configuration list for PBXProject "BinaryTree_OC2016-04" */;
			compatibilityVersion = "Xcode 3.2";
			developmentRegion = English;
			hasScannedForEncodings = 0;
			knownRegions = (
				en,
			);
			mainGroup = DF1A8D3E1CD88C1100B5FA1D;
			productRefGroup = DF1A8D481CD88C1100B5FA1D /* Products */;
			projectDirPath = "";
			projectRoot = "";
			targets = (
				DF1A8D461CD88C1100B5FA1D /* BinaryTree_OC2016-04 */,
			);
		};
/* End PBXProject section */

/* Begin PBXSourcesBuildPhase section */
		DF1A8D431CD88C1100B5FA1D /* Sources */ = {
			isa = PBXSourcesBuildPhase;
			buildActionMask = 2147483647;
			files = (
				DF1A8D531CD88C3600B5FA1D /* BinaryTreeNode.m in Sources */,
				DF1A8D4B1CD88C1100B5FA1D /* main.m in Sources */,
			);
			runOnlyForDeploymentPostprocessing = 0;
		};
/* End PBXSourcesBuildPhase section */

/* Begin XCBuildConfiguration section */
		DF1A8D4C1CD88C1100B5FA1D /* Debug */ = {
			isa = XCBuildConfiguration;
			buildSettings = {
				ALWAYS_SEARCH_USER_PATHS = NO;
				CLANG_ANALYZER_NONNULL = YES;
				CLANG_CXX_LANGUAGE_STANDARD = "gnu++0x";
				CLANG_CXX_LIBRARY = "libc++";
				CLANG_ENABLE_MODULES = YES;
				CLANG_ENABLE_OBJC_ARC = YES;
				CLANG_WARN_BOOL_CONVERSION = YES;
				CLANG_WARN_CONSTANT_CONVERSION = YES;
				CLANG_WARN_DIRECT_OBJC_ISA_USAGE = YES_ERROR;
				CLANG_WARN_EMPTY_BODY = YES;
				CLANG_WARN_ENUM_CONVERSION = YES;
				CLANG_WARN_INT_CONVERSION = YES;
				CLANG_WARN_OBJC_ROOT_CLASS = YES_ERROR;
				CLANG_WARN_UNREACHABLE_CODE = YES;
				CLANG_WARN__DUPLICATE_METHOD_MATCH = YES;
				CODE_SIGN_IDENTITY = "-";
				COPY_PHASE_STRIP = NO;
				DEBUG_INFORMATION_FORMAT = dwarf;
				ENABLE_STRICT_OBJC_MSGSEND = YES;
				ENABLE_TESTABILITY = YES;
				GCC_C_LANGUAGE_STANDARD = gnu99;
				GCC_DYNAMIC_NO_PIC = NO;
				GCC_NO_COMMON_BLOCKS = YES;
				GCC_OPTIMIZATION_LEVEL = 0;
				GCC_PREPROCESSOR_DEFINITIONS = (
					"DEBUG=1",
					"$(inherited)",
				);
				GCC_WARN_64_TO_32_BIT_CONVERSION = YES;
				GCC_WARN_ABOUT_RETURN_TYPE = YES_ERROR;
				GCC_WARN_UNDECLARED_SELECTOR = YES;
				GCC_WARN_UNINITIALIZED_AUTOS = YES_AGGRESSIVE;
				GCC_WARN_UNUSED_FUNCTION = YES;
				GCC_WARN_UNUSED_VARIABLE = YES;
				MACOSX_DEPLOYMENT_TARGET = 10.11;
				MTL_ENABLE_DEBUG_INFO = YES;
				ONLY_ACTIVE_ARCH = YES;
				SDKROOT = macosx;
			};
			name = Debug;
		};
		DF1A8D4D1CD88C1100B5FA1D /* Release */ = {
			isa = XCBuildConfiguration;
			buildSettings = {
				ALWAYS_SEARCH_USER_PATHS = NO;
				CLANG_ANALYZER_NONNULL = YES;
				CLANG_CXX_LANGUAGE_STANDARD = "gnu++0x";
				CLANG_CXX_LIBRARY = "libc++";
				CLANG_ENABLE_MODULES = YES;
				CLANG_ENABLE_OBJC_ARC = YES;
				CLANG_WARN_BOOL_CONVERSION = YES;
				CLANG_WARN_CONSTANT_CONVERSION = YES;
				CLANG_WARN_DIRECT_OBJC_ISA_USAGE = YES_ERROR;
				CLANG_WARN_EMPTY_BODY = YES;
				CLANG_WARN_ENUM_CONVERSION = YES;
				CLANG_WARN_INT_CONVERSION = YES;
				CLANG_WARN_OBJC_ROOT_CLASS = YES_ERROR;
				CLANG_WARN_UNREACHABLE_CODE = YES;
				CLANG_WARN__DUPLICATE_METHOD_MATCH = YES;
				CODE_SIGN_IDENTITY = "-";
				COPY_PHASE_STRIP = NO;
				DEBUG_INFORMATION_FORMAT = "dwarf-with-dsym";
				ENABLE_NS_ASSERTIONS = NO;
				ENABLE_STRICT_OBJC_MSGSEND = YES;
				GCC_C_LANGUAGE_STANDARD = gnu99;
				GCC_NO_COMMON_BLOCKS = YES;
				GCC_WARN_64_TO_32_BIT_CONVERSION = YES;
				GCC_WARN_ABOUT_RETURN_TYPE = YES_ERROR;
				GCC_WARN_UNDECLARED_SELECTOR = YES;
				GCC_WARN_UNINITIALIZED_AUTOS = YES_AGGRESSIVE;
				GCC_WARN_UNUSED_FUNCTION = YES;
				GCC_WARN_UNUSED_VARIABLE = YES;
				MACOSX_DEPLOYMENT_TARGET = 10.11;
				MTL_ENABLE_DEBUG_INFO = NO;
				SDKROOT = macosx;
			};
			name = Release;
		};
		DF1A8D4F1CD88C1100B5FA1D /* Debug */ = {
			isa = XCBuildConfiguration;
			buildSettings = {
				PRODUCT_NAME = "$(TARGET_NAME)";
			};
			name = Debug;
		};
		DF1A8D501CD88C1100B5FA1D /* Release */ = {
			isa = XCBuildConfiguration;
			buildSettings = {
				PRODUCT_NAME = "$(TARGET_NAME)";
			};
			name = Release;
		};
/* End XCBuildConfiguration section */

/* Begin XCConfigurationList section */
		DF1A8D421CD88C1100B5FA1D /* Build configuration list for PBXProject "BinaryTree_OC2016-04" */ = {
			isa = XCConfigurationList;
			buildConfigurations = (
				DF1A8D4C1CD88C1100B5FA1D /* Debug */,
				DF1A8D4D1CD88C1100B5FA1D /* Release */,
			);
			defaultConfigurationIsVisible = 0;
			defaultConfigurationName = Release;
		};
		DF1A8D4E1CD88C1100B5FA1D /* Build configuration list for PBXNativeTarget "BinaryTree_OC2016-04" */ = {
			isa = XCConfigurationList;
			buildConfigurations = (
				DF1A8D4F1CD88C1100B5FA1D /* Debug */,
				DF1A8D501CD88C1100B5FA1D /* Release */,
			);
			defaultConfigurationIsVisible = 0;
		};
/* End XCConfigurationList section */
	};
	rootObject = DF1A8D3F1CD88C1100B5FA1D /* Project object */;
}
